
Microsoft Visual Studio Solution File, Format Version 12.00
# Visual Studio 2012
Project("{FAE04EC0-301F-11D3-BF4B-00C04F79EFBC}") = "CNO.BPA.Desktop", "CNO.BPA.IAIndex\CNO.BPA.Desktop.csproj", "{6DF832E4-1446-4CE5-94FD-EEDAF28111B8}"
EndProject
Global
	GlobalSection(SolutionConfigurationPlatforms) = preSolution
		Debug|Any CPU = Debug|Any CPU
		Release|Any CPU = Release|Any CPU
	EndGlobalSection
	GlobalSection(ProjectConfigurationPlatforms) = postSolution
		{6DF832E4-1446-4CE5-94FD-EEDAF28111B8}.Debug|Any CPU.ActiveCfg = Debug|Any CPU
		{6DF832E4-1446-4CE5-94FD-EEDAF28111B8}.Debug|Any CPU.Build.0 = Debug|Any CPU
		{6DF832E4-1446-4CE5-94FD-EEDAF28111B8}.Release|Any CPU.ActiveCfg = Release|Any CPU
		{6DF832E4-1446-4CE5-94FD-EEDAF28111B8}.Release|Any CPU.Build.0 = Release|Any CPU
	EndGlobalSection
	GlobalSection(SolutionProperties) = preSolution
		HideSolutionNode = FALSE
	EndGlobalSection
EndGlobal
